// !$*UTF8*$!
{
	archiveVersion = 1;
	classes = {
	};
	objectVersion = 46;
	objects = {

/* Begin PBXBuildFile section */
		193EFE9A19F8868000EF090A /* DogViewController.m in Sources */ = {isa = PBXBuildFile; fileRef = 193EFE9919F8868000EF090A /* DogViewController.m */; };
		19AFF66219A2220400A96D5C /* main.m in Sources */ = {isa = PBXBuildFile; fileRef = 19AFF66119A2220400A96D5C /* main.m */; };
		19AFF66519A2220400A96D5C /* AppDelegate.m in Sources */ = {isa = PBXBuildFile; fileRef = 19AFF66419A2220400A96D5C /* AppDelegate.m */; };
		19AFF66819A2220400A96D5C /* PeopleViewController.m in Sources */ = {isa = PBXBuildFile; fileRef = 19AFF66719A2220400A96D5C /* PeopleViewController.m */; };
		19AFF66B19A2220400A96D5C /* Main.storyboard in Resources */ = {isa = PBXBuildFile; fileRef = 19AFF66919A2220400A96D5C /* Main.storyboard */; };
		19AFF66D19A2220400A96D5C /* Images.xcassets in Resources */ = {isa = PBXBuildFile; fileRef = 19AFF66C19A2220400A96D5C /* Images.xcassets */; };
		19AFF68319A2222700A96D5C /* Accounts.framework in Frameworks */ = {isa = PBXBuildFile; fileRef = 19AFF68219A2222700A96D5C /* Accounts.framework */; };
		19AFF68519A2223000A96D5C /* AdSupport.framework in Frameworks */ = {isa = PBXBuildFile; fileRef = 19AFF68419A2223000A96D5C /* AdSupport.framework */; };
		19AFF68719A2223500A96D5C /* Social.framework in Frameworks */ = {isa = PBXBuildFile; fileRef = 19AFF68619A2223500A96D5C /* Social.framework */; };
		19AFF68919A2224600A96D5C /* SystemConfiguration.framework in Frameworks */ = {isa = PBXBuildFile; fileRef = 19AFF68819A2224600A96D5C /* SystemConfiguration.framework */; };
		19AFF68B19A2224D00A96D5C /* StoreKit.framework in Frameworks */ = {isa = PBXBuildFile; fileRef = 19AFF68A19A2224D00A96D5C /* StoreKit.framework */; };
		19AFF68D19A2225B00A96D5C /* Security.framework in Frameworks */ = {isa = PBXBuildFile; fileRef = 19AFF68C19A2225B00A96D5C /* Security.framework */; };
		19AFF68F19A2226300A96D5C /* QuartzCore.framework in Frameworks */ = {isa = PBXBuildFile; fileRef = 19AFF68E19A2226300A96D5C /* QuartzCore.framework */; };
		19AFF69119A2226A00A96D5C /* MobileCoreServices.framework in Frameworks */ = {isa = PBXBuildFile; fileRef = 19AFF69019A2226A00A96D5C /* MobileCoreServices.framework */; };
		19AFF69319A2227800A96D5C /* libz.dylib in Frameworks */ = {isa = PBXBuildFile; fileRef = 19AFF69219A2227800A96D5C /* libz.dylib */; };
		19AFF69519A2227F00A96D5C /* CoreLocation.framework in Frameworks */ = {isa = PBXBuildFile; fileRef = 19AFF69419A2227F00A96D5C /* CoreLocation.framework */; };
		19AFF69719A2228C00A96D5C /* CoreGraphics.framework in Frameworks */ = {isa = PBXBuildFile; fileRef = 19AFF69619A2228C00A96D5C /* CoreGraphics.framework */; };
		19AFF69919A2229300A96D5C /* CFNetwork.framework in Frameworks */ = {isa = PBXBuildFile; fileRef = 19AFF69819A2229300A96D5C /* CFNetwork.framework */; };
		19AFF69B19A2229E00A96D5C /* AudioToolbox.framework in Frameworks */ = {isa = PBXBuildFile; fileRef = 19AFF69A19A2229E00A96D5C /* AudioToolbox.framework */; };
		19AFF69D19A222B300A96D5C /* Parse.framework in Frameworks */ = {isa = PBXBuildFile; fileRef = 19AFF69C19A222B300A96D5C /* Parse.framework */; };
/* End PBXBuildFile section */

/* Begin PBXFileReference section */
		193EFE9819F8868000EF090A /* DogViewController.h */ = {isa = PBXFileReference; fileEncoding = 4; lastKnownFileType = sourcecode.c.h; path = DogViewController.h; sourceTree = "<group>"; };
		193EFE9919F8868000EF090A /* DogViewController.m */ = {isa = PBXFileReference; fileEncoding = 4; lastKnownFileType = sourcecode.c.objc; path = DogViewController.m; sourceTree = "<group>"; };
		19AFF65C19A2220400A96D5C /* parseTopicStudentVersion.app */ = {isa = PBXFileReference; explicitFileType = wrapper.application; includeInIndex = 0; path = parseTopicStudentVersion.app; sourceTree = BUILT_PRODUCTS_DIR; };
		19AFF66019A2220400A96D5C /* Info.plist */ = {isa = PBXFileReference; lastKnownFileType = text.plist.xml; path = Info.plist; sourceTree = "<group>"; };
		19AFF66119A2220400A96D5C /* main.m */ = {isa = PBXFileReference; lastKnownFileType = sourcecode.c.objc; path = main.m; sourceTree = "<group>"; };
		19AFF66319A2220400A96D5C /* AppDelegate.h */ = {isa = PBXFileReference; lastKnownFileType = sourcecode.c.h; path = AppDelegate.h; sourceTree = "<group>"; };
		19AFF66419A2220400A96D5C /* AppDelegate.m */ = {isa = PBXFileReference; lastKnownFileType = sourcecode.c.objc; path = AppDelegate.m; sourceTree = "<group>"; };
		19AFF66619A2220400A96D5C /* PeopleViewController.h */ = {isa = PBXFileReference; lastKnownFileType = sourcecode.c.h; path = PeopleViewController.h; sourceTree = "<group>"; };
		19AFF66719A2220400A96D5C /* PeopleViewController.m */ = {isa = PBXFileReference; lastKnownFileType = sourcecode.c.objc; path = PeopleViewController.m; sourceTree = "<group>"; };
		19AFF66A19A2220400A96D5C /* Base */ = {isa = PBXFileReference; lastKnownFileType = file.storyboard; name = Base; path = Base.lproj/Main.storyboard; sourceTree = "<group>"; };
		19AFF66C19A2220400A96D5C /* Images.xcassets */ = {isa = PBXFileReference; lastKnownFileType = folder.assetcatalog; path = Images.xcassets; sourceTree = "<group>"; };
		19AFF67719A2220400A96D5C /* Info.plist */ = {isa = PBXFileReference; lastKnownFileType = text.plist.xml; path = Info.plist; sourceTree = "<group>"; };
		19AFF67819A2220400A96D5C /* parseTopicTests.m */ = {isa = PBXFileReference; lastKnownFileType = sourcecode.c.objc; path = parseTopicTests.m; sourceTree = "<group>"; };
		19AFF68219A2222700A96D5C /* Accounts.framework */ = {isa = PBXFileReference; lastKnownFileType = wrapper.framework; name = Accounts.framework; path = System/Library/Frameworks/Accounts.framework; sourceTree = SDKROOT; };
		19AFF68419A2223000A96D5C /* AdSupport.framework */ = {isa = PBXFileReference; lastKnownFileType = wrapper.framework; name = AdSupport.framework; path = System/Library/Frameworks/AdSupport.framework; sourceTree = SDKROOT; };
		19AFF68619A2223500A96D5C /* Social.framework */ = {isa = PBXFileReference; lastKnownFileType = wrapper.framework; name = Social.framework; path = System/Library/Frameworks/Social.framework; sourceTree = SDKROOT; };
		19AFF68819A2224600A96D5C /* SystemConfiguration.framework */ = {isa = PBXFileReference; lastKnownFileType = wrapper.framework; name = SystemConfiguration.framework; path = System/Library/Frameworks/SystemConfiguration.framework; sourceTree = SDKROOT; };
		19AFF68A19A2224D00A96D5C /* StoreKit.framework */ = {isa = PBXFileReference; lastKnownFileType = wrapper.framework; name = StoreKit.framework; path = System/Library/Frameworks/StoreKit.framework; sourceTree = SDKROOT; };
		19AFF68C19A2225B00A96D5C /* Security.framework */ = {isa = PBXFileReference; lastKnownFileType = wrapper.framework; name = Security.framework; path = System/Library/Frameworks/Security.framework; sourceTree = SDKROOT; };
		19AFF68E19A2226300A96D5C /* QuartzCore.framework */ = {isa = PBXFileReference; lastKnownFileType = wrapper.framework; name = QuartzCore.framework; path = System/Library/Frameworks/QuartzCore.framework; sourceTree = SDKROOT; };
		19AFF69019A2226A00A96D5C /* MobileCoreServices.framework */ = {isa = PBXFileReference; lastKnownFileType = wrapper.framework; name = MobileCoreServices.framework; path = System/Library/Frameworks/MobileCoreServices.framework; sourceTree = SDKROOT; };
		19AFF69219A2227800A96D5C /* libz.dylib */ = {isa = PBXFileReference; lastKnownFileType = "compiled.mach-o.dylib"; name = libz.dylib; path = usr/lib/libz.dylib; sourceTree = SDKROOT; };
		19AFF69419A2227F00A96D5C /* CoreLocation.framework */ = {isa = PBXFileReference; lastKnownFileType = wrapper.framework; name = CoreLocation.framework; path = System/Library/Frameworks/CoreLocation.framework; sourceTree = SDKROOT; };
		19AFF69619A2228C00A96D5C /* CoreGraphics.framework */ = {isa = PBXFileReference; lastKnownFileType = wrapper.framework; name = CoreGraphics.framework; path = System/Library/Frameworks/CoreGraphics.framework; sourceTree = SDKROOT; };
		19AFF69819A2229300A96D5C /* CFNetwork.framework */ = {isa = PBXFileReference; lastKnownFileType = wrapper.framework; name = CFNetwork.framework; path = System/Library/Frameworks/CFNetwork.framework; sourceTree = SDKROOT; };
		19AFF69A19A2229E00A96D5C /* AudioToolbox.framework */ = {isa = PBXFileReference; lastKnownFileType = wrapper.framework; name = AudioToolbox.framework; path = System/Library/Frameworks/AudioToolbox.framework; sourceTree = SDKROOT; };
		19AFF69C19A222B300A96D5C /* Parse.framework */ = {isa = PBXFileReference; lastKnownFileType = wrapper.framework; path = Parse.framework; sourceTree = "<group>"; };
/* End PBXFileReference section */

/* Begin PBXFrameworksBuildPhase section */
		19AFF65919A2220400A96D5C /* Frameworks */ = {
			isa = PBXFrameworksBuildPhase;
			buildActionMask = 2147483647;
			files = (
				19AFF69B19A2229E00A96D5C /* AudioToolbox.framework in Frameworks */,
				19AFF69919A2229300A96D5C /* CFNetwork.framework in Frameworks */,
				19AFF69719A2228C00A96D5C /* CoreGraphics.framework in Frameworks */,
				19AFF69519A2227F00A96D5C /* CoreLocation.framework in Frameworks */,
				19AFF69319A2227800A96D5C /* libz.dylib in Frameworks */,
				19AFF69119A2226A00A96D5C /* MobileCoreServices.framework in Frameworks */,
				19AFF68F19A2226300A96D5C /* QuartzCore.framework in Frameworks */,
				19AFF68D19A2225B00A96D5C /* Security.framework in Frameworks */,
				19AFF68B19A2224D00A96D5C /* StoreKit.framework in Frameworks */,
				19AFF68919A2224600A96D5C /* SystemConfiguration.framework in Frameworks */,
				19AFF69D19A222B300A96D5C /* Parse.framework in Frameworks */,
				19AFF68719A2223500A96D5C /* Social.framework in Frameworks */,
				19AFF68519A2223000A96D5C /* AdSupport.framework in Frameworks */,
				19AFF68319A2222700A96D5C /* Accounts.framework in Frameworks */,
			);
			runOnlyForDeploymentPostprocessing = 0;
		};
/* End PBXFrameworksBuildPhase section */

/* Begin PBXGroup section */
		190D1AF519A7981C00D491B9 /* Data Model */ = {
			isa = PBXGroup;
			children = (
			);
			name = "Data Model";
			sourceTree = "<group>";
		};
		19AFF65319A2220400A96D5C = {
			isa = PBXGroup;
			children = (
				19AFF65E19A2220400A96D5C /* parseTopic */,
				19AFF67519A2220400A96D5C /* parseTopicTests */,
				19AFF65D19A2220400A96D5C /* Products */,
			);
			sourceTree = "<group>";
		};
		19AFF65D19A2220400A96D5C /* Products */ = {
			isa = PBXGroup;
			children = (
				19AFF65C19A2220400A96D5C /* parseTopicStudentVersion.app */,
			);
			name = Products;
			sourceTree = "<group>";
		};
		19AFF65E19A2220400A96D5C /* parseTopic */ = {
			isa = PBXGroup;
			children = (
				19AFF66319A2220400A96D5C /* AppDelegate.h */,
				19AFF66419A2220400A96D5C /* AppDelegate.m */,
				19AFF66619A2220400A96D5C /* PeopleViewController.h */,
				19AFF66719A2220400A96D5C /* PeopleViewController.m */,
				193EFE9819F8868000EF090A /* DogViewController.h */,
				193EFE9919F8868000EF090A /* DogViewController.m */,
				190D1AF519A7981C00D491B9 /* Data Model */,
				19AFF66919A2220400A96D5C /* Main.storyboard */,
				19AFF66C19A2220400A96D5C /* Images.xcassets */,
				19AFF65F19A2220400A96D5C /* Supporting Files */,
			);
			path = parseTopic;
			sourceTree = "<group>";
		};
		19AFF65F19A2220400A96D5C /* Supporting Files */ = {
			isa = PBXGroup;
			children = (
				19AFF69C19A222B300A96D5C /* Parse.framework */,
				19AFF69A19A2229E00A96D5C /* AudioToolbox.framework */,
				19AFF69819A2229300A96D5C /* CFNetwork.framework */,
				19AFF69619A2228C00A96D5C /* CoreGraphics.framework */,
				19AFF69419A2227F00A96D5C /* CoreLocation.framework */,
				19AFF69219A2227800A96D5C /* libz.dylib */,
				19AFF69019A2226A00A96D5C /* MobileCoreServices.framework */,
				19AFF68E19A2226300A96D5C /* QuartzCore.framework */,
				19AFF68C19A2225B00A96D5C /* Security.framework */,
				19AFF68A19A2224D00A96D5C /* StoreKit.framework */,
				19AFF68819A2224600A96D5C /* SystemConfiguration.framework */,
				19AFF68619A2223500A96D5C /* Social.framework */,
				19AFF68419A2223000A96D5C /* AdSupport.framework */,
				19AFF68219A2222700A96D5C /* Accounts.framework */,
				19AFF66019A2220400A96D5C /* Info.plist */,
				19AFF66119A2220400A96D5C /* main.m */,
			);
			name = "Supporting Files";
			sourceTree = "<group>";
		};
		19AFF67519A2220400A96D5C /* parseTopicTests */ = {
			isa = PBXGroup;
			children = (
				19AFF67819A2220400A96D5C /* parseTopicTests.m */,
				19AFF67619A2220400A96D5C /* Supporting Files */,
			);
			path = parseTopicTests;
			sourceTree = "<group>";
		};
		19AFF67619A2220400A96D5C /* Supporting Files */ = {
			isa = PBXGroup;
			children = (
				19AFF67719A2220400A96D5C /* Info.plist */,
			);
			name = "Supporting Files";
			sourceTree = "<group>";
		};
/* End PBXGroup section */

/* Begin PBXNativeTarget section */
		19AFF65B19A2220400A96D5C /* parseTopicStudentVersion */ = {
			isa = PBXNativeTarget;
			buildConfigurationList = 19AFF67C19A2220400A96D5C /* Build configuration list for PBXNativeTarget "parseTopicStudentVersion" */;
			buildPhases = (
				19AFF65819A2220400A96D5C /* Sources */,
				19AFF65919A2220400A96D5C /* Frameworks */,
				19AFF65A19A2220400A96D5C /* Resources */,
			);
			buildRules = (
			);
			dependencies = (
			);
			name = parseTopicStudentVersion;
			productName = parseTopic;
			productReference = 19AFF65C19A2220400A96D5C /* parseTopicStudentVersion.app */;
			productType = "com.apple.product-type.application";
		};
/* End PBXNativeTarget section */

/* Begin PBXProject section */
		19AFF65419A2220400A96D5C /* Project object */ = {
			isa = PBXProject;
			attributes = {
				LastUpgradeCheck = 0600;
				ORGANIZATIONNAME = "Mobile Makers";
				TargetAttributes = {
					19AFF65B19A2220400A96D5C = {
						CreatedOnToolsVersion = 6.0;
					};
				};
			};
			buildConfigurationList = 19AFF65719A2220400A96D5C /* Build configuration list for PBXProject "parseTopicStudentVersion" */;
			compatibilityVersion = "Xcode 3.2";
			developmentRegion = English;
			hasScannedForEncodings = 0;
			knownRegions = (
				en,
				Base,
			);
			mainGroup = 19AFF65319A2220400A96D5C;
			productRefGroup = 19AFF65D19A2220400A96D5C /* Products */;
			projectDirPath = "";
			projectRoot = "";
			targets = (
				19AFF65B19A2220400A96D5C /* parseTopicStudentVersion */,
			);
		};
/* End PBXProject section */

/* Begin PBXResourcesBuildPhase section */
		19AFF65A19A2220400A96D5C /* Resources */ = {
			isa = PBXResourcesBuildPhase;
			buildActionMask = 2147483647;
			files = (
				19AFF66B19A2220400A96D5C /* Main.storyboard in Resources */,
				19AFF66D19A2220400A96D5C /* Images.xcassets in Resources */,
			);
			runOnlyForDeploymentPostprocessing = 0;
		};
/* End PBXResourcesBuildPhase section */

/* Begin PBXSourcesBuildPhase section */
		19AFF65819A2220400A96D5C /* Sources */ = {
			isa = PBXSourcesBuildPhase;
			buildActionMask = 2147483647;
			files = (
				19AFF66819A2220400A96D5C /* PeopleViewController.m in Sources */,
				19AFF66519A2220400A96D5C /* AppDelegate.m in Sources */,
				193EFE9A19F8868000EF090A /* DogViewController.m in Sources */,
				19AFF66219A2220400A96D5C /* main.m in Sources */,
			);
			runOnlyForDeploymentPostprocessing = 0;
		};
/* End PBXSourcesBuildPhase section */

/* Begin PBXVariantGroup section */
		19AFF66919A2220400A96D5C /* Main.storyboard */ = {
			isa = PBXVariantGroup;
			children = (
				19AFF66A19A2220400A96D5C /* Base */,
			);
			name = Main.storyboard;
			sourceTree = "<group>";
		};
/* End PBXVariantGroup section */

/* Begin XCBuildConfiguration section */
		19AFF67A19A2220400A96D5C /* Debug */ = {
			isa = XCBuildConfiguration;
			buildSettings = {
				ALWAYS_SEARCH_USER_PATHS = NO;
				CLANG_CXX_LANGUAGE_STANDARD = "gnu++0x";
				CLANG_CXX_LIBRARY = "libc++";
				CLANG_ENABLE_MODULES = YES;
				CLANG_ENABLE_OBJC_ARC = YES;
				CLANG_WARN_BOOL_CONVERSION = YES;
				CLANG_WARN_CONSTANT_CONVERSION = YES;
				CLANG_WARN_DIRECT_OBJC_ISA_USAGE = YES_ERROR;
				CLANG_WARN_EMPTY_BODY = YES;
				CLANG_WARN_ENUM_CONVERSION = YES;
				CLANG_WARN_INT_CONVERSION = YES;
				CLANG_WARN_OBJC_ROOT_CLASS = YES_ERROR;
				CLANG_WARN_UNREACHABLE_CODE = YES;
				CLANG_WARN__DUPLICATE_METHOD_MATCH = YES;
				"CODE_SIGN_IDENTITY[sdk=iphoneos*]" = "iPhone Developer";
				COPY_PHASE_STRIP = NO;
				ENABLE_STRICT_OBJC_MSGSEND = YES;
				GCC_C_LANGUAGE_STANDARD = gnu99;
				GCC_DYNAMIC_NO_PIC = NO;
				GCC_OPTIMIZATION_LEVEL = 0;
				GCC_PREPROCESSOR_DEFINITIONS = (
					"DEBUG=1",
					"$(inherited)",
				);
				GCC_SYMBOLS_PRIVATE_EXTERN = NO;
				GCC_WARN_64_TO_32_BIT_CONVERSION = YES;
				GCC_WARN_ABOUT_RETURN_TYPE = YES_ERROR;
				GCC_WARN_UNDECLARED_SELECTOR = YES;
				GCC_WARN_UNINITIALIZED_AUTOS = YES_AGGRESSIVE;
				GCC_WARN_UNUSED_FUNCTION = YES;
				GCC_WARN_UNUSED_VARIABLE = YES;
				IPHONEOS_DEPLOYMENT_TARGET = 8.0;
				MTL_ENABLE_DEBUG_INFO = YES;
				ONLY_ACTIVE_ARCH = YES;
				SDKROOT = iphoneos;
				TARGETED_DEVICE_FAMILY = "1,2";
			};
			name = Debug;
		};
		19AFF67B19A2220400A96D5C /* Release */ = {
			isa = XCBuildConfiguration;
			buildSettings = {
				ALWAYS_SEARCH_USER_PATHS = NO;
				CLANG_CXX_LANGUAGE_STANDARD = "gnu++0x";
				CLANG_CXX_LIBRARY = "libc++";
				CLANG_ENABLE_MODULES = YES;
				CLANG_ENABLE_OBJC_ARC = YES;
				CLANG_WARN_BOOL_CONVERSION = YES;
				CLANG_WARN_CONSTANT_CONVERSION = YES;
				CLANG_WARN_DIRECT_OBJC_ISA_USAGE = YES_ERROR;
				CLANG_WARN_EMPTY_BODY = YES;
				CLANG_WARN_ENUM_CONVERSION = YES;
				CLANG_WARN_INT_CONVERSION = YES;
				CLANG_WARN_OBJC_ROOT_CLASS = YES_ERROR;
				CLANG_WARN_UNREACHABLE_CODE = YES;
				CLANG_WARN__DUPLICATE_METHOD_MATCH = YES;
				"CODE_SIGN_IDENTITY[sdk=iphoneos*]" = "iPhone Developer";
				COPY_PHASE_STRIP = YES;
				ENABLE_NS_ASSERTIONS = NO;
				ENABLE_STRICT_OBJC_MSGSEND = YES;
				GCC_C_LANGUAGE_STANDARD = gnu99;
				GCC_WARN_64_TO_32_BIT_CONVERSION = YES;
				GCC_WARN_ABOUT_RETURN_TYPE = YES_ERROR;
				GCC_WARN_UNDECLARED_SELECTOR = YES;
				GCC_WARN_UNINITIALIZED_AUTOS = YES_AGGRESSIVE;
				GCC_WARN_UNUSED_FUNCTION = YES;
				GCC_WARN_UNUSED_VARIABLE = YES;
				IPHONEOS_DEPLOYMENT_TARGET = 8.0;
				MTL_ENABLE_DEBUG_INFO = NO;
				SDKROOT = iphoneos;
				TARGETED_DEVICE_FAMILY = "1,2";
				VALIDATE_PRODUCT = YES;
			};
			name = Release;
		};
		19AFF67D19A2220400A96D5C /* Debug */ = {
			isa = XCBuildConfiguration;
			buildSettings = {
				ASSETCATALOG_COMPILER_APPICON_NAME = AppIcon;
				ASSETCATALOG_COMPILER_LAUNCHIMAGE_NAME = LaunchImage;
				FRAMEWORK_SEARCH_PATHS = (
					"$(inherited)",
					"$(PROJECT_DIR)/parseTopic",
				);
				INFOPLIST_FILE = parseTopic/Info.plist;
				LD_RUNPATH_SEARCH_PATHS = "$(inherited) @executable_path/Frameworks";
				PRODUCT_NAME = parseTopicStudentVersion;
			};
			name = Debug;
		};
		19AFF67E19A2220400A96D5C /* Release */ = {
			isa = XCBuildConfiguration;
			buildSettings = {
				ASSETCATALOG_COMPILER_APPICON_NAME = AppIcon;
				ASSETCATALOG_COMPILER_LAUNCHIMAGE_NAME = LaunchImage;
				FRAMEWORK_SEARCH_PATHS = (
					"$(inherited)",
					"$(PROJECT_DIR)/parseTopic",
				);
				INFOPLIST_FILE = parseTopic/Info.plist;
				LD_RUNPATH_SEARCH_PATHS = "$(inherited) @executable_path/Frameworks";
				PRODUCT_NAME = parseTopicStudentVersion;
			};
			name = Release;
		};
/* End XCBuildConfiguration section */

/* Begin XCConfigurationList section */
		19AFF65719A2220400A96D5C /* Build configuration list for PBXProject "parseTopicStudentVersion" */ = {
			isa = XCConfigurationList;
			buildConfigurations = (
				19AFF67A19A2220400A96D5C /* Debug */,
				19AFF67B19A2220400A96D5C /* Release */,
			);
			defaultConfigurationIsVisible = 0;
			defaultConfigurationName = Release;
		};
		19AFF67C19A2220400A96D5C /* Build configuration list for PBXNativeTarget "parseTopicStudentVersion" */ = {
			isa = XCConfigurationList;
			buildConfigurations = (
				19AFF67D19A2220400A96D5C /* Debug */,
				19AFF67E19A2220400A96D5C /* Release */,
			);
			defaultConfigurationIsVisible = 0;
			defaultConfigurationName = Release;
		};
/* End XCConfigurationList section */
	};
	rootObject = 19AFF65419A2220400A96D5C /* Project object */;
}
